// !$*UTF8*$!
{
	archiveVersion = 1;
	classes = {
	};
	objectVersion = 56;
	objects = {

/* Begin PBXBuildFile section */
		1CF67B902CFA6CB700CB9CA5 /* BookTradingAppApp.swift in Sources */ = {isa = PBXBuildFile; fileRef = 1CF67B8F2CFA6CB700CB9CA5 /* BookTradingAppApp.swift */; };
		1CF67B922CFA6CB700CB9CA5 /* ContentView.swift in Sources */ = {isa = PBXBuildFile; fileRef = 1CF67B912CFA6CB700CB9CA5 /* ContentView.swift */; };
		1CF67B942CFA6CB800CB9CA5 /* Assets.xcassets in Resources */ = {isa = PBXBuildFile; fileRef = 1CF67B932CFA6CB800CB9CA5 /* Assets.xcassets */; };
		1CF67B972CFA6CB800CB9CA5 /* Preview Assets.xcassets in Resources */ = {isa = PBXBuildFile; fileRef = 1CF67B962CFA6CB800CB9CA5 /* Preview Assets.xcassets */; };
		1CF67BBA2CFA71D000CB9CA5 /* HomeView.swift in Sources */ = {isa = PBXBuildFile; fileRef = 1CF67BB92CFA71D000CB9CA5 /* HomeView.swift */; };
		1CF67BBC2CFA71F900CB9CA5 /* BookItemView.swift in Sources */ = {isa = PBXBuildFile; fileRef = 1CF67BBB2CFA71F900CB9CA5 /* BookItemView.swift */; };
		1CF67BBE2CFA729400CB9CA5 /* Book.swift in Sources */ = {isa = PBXBuildFile; fileRef = 1CF67BBD2CFA729400CB9CA5 /* Book.swift */; };
		A51996EA2CFA6ECD0078A85C /* profile.swift in Sources */ = {isa = PBXBuildFile; fileRef = A51996E92CFA6EC00078A85C /* profile.swift */; };
/* End PBXBuildFile section */

/* Begin PBXContainerItemProxy section */
		1CF67B9D2CFA6CB900CB9CA5 /* PBXContainerItemProxy */ = {
			isa = PBXContainerItemProxy;
			containerPortal = 1CF67B842CFA6CB700CB9CA5 /* Project object */;
			proxyType = 1;
			remoteGlobalIDString = 1CF67B8B2CFA6CB700CB9CA5;
			remoteInfo = BookTradingApp;
		};
		1CF67BA72CFA6CB900CB9CA5 /* PBXContainerItemProxy */ = {
			isa = PBXContainerItemProxy;
			containerPortal = 1CF67B842CFA6CB700CB9CA5 /* Project object */;
			proxyType = 1;
			remoteGlobalIDString = 1CF67B8B2CFA6CB700CB9CA5;
			remoteInfo = BookTradingApp;
		};
/* End PBXContainerItemProxy section */

/* Begin PBXFileReference section */
		1CF67B8C2CFA6CB700CB9CA5 /* BookTradingApp.app */ = {isa = PBXFileReference; explicitFileType = wrapper.application; includeInIndex = 0; path = BookTradingApp.app; sourceTree = BUILT_PRODUCTS_DIR; };
		1CF67B8F2CFA6CB700CB9CA5 /* BookTradingAppApp.swift */ = {isa = PBXFileReference; lastKnownFileType = sourcecode.swift; path = BookTradingAppApp.swift; sourceTree = "<group>"; };
		1CF67B912CFA6CB700CB9CA5 /* ContentView.swift */ = {isa = PBXFileReference; lastKnownFileType = sourcecode.swift; path = ContentView.swift; sourceTree = "<group>"; };
		1CF67B932CFA6CB800CB9CA5 /* Assets.xcassets */ = {isa = PBXFileReference; lastKnownFileType = folder.assetcatalog; path = Assets.xcassets; sourceTree = "<group>"; };
		1CF67B962CFA6CB800CB9CA5 /* Preview Assets.xcassets */ = {isa = PBXFileReference; lastKnownFileType = folder.assetcatalog; path = "Preview Assets.xcassets"; sourceTree = "<group>"; };
		1CF67B9C2CFA6CB900CB9CA5 /* BookTradingAppTests.xctest */ = {isa = PBXFileReference; explicitFileType = wrapper.cfbundle; includeInIndex = 0; path = BookTradingAppTests.xctest; sourceTree = BUILT_PRODUCTS_DIR; };
		1CF67BA62CFA6CB900CB9CA5 /* BookTradingAppUITests.xctest */ = {isa = PBXFileReference; explicitFileType = wrapper.cfbundle; includeInIndex = 0; path = BookTradingAppUITests.xctest; sourceTree = BUILT_PRODUCTS_DIR; };
		1CF67BB92CFA71D000CB9CA5 /* HomeView.swift */ = {isa = PBXFileReference; lastKnownFileType = sourcecode.swift; path = HomeView.swift; sourceTree = "<group>"; };
		1CF67BBB2CFA71F900CB9CA5 /* BookItemView.swift */ = {isa = PBXFileReference; lastKnownFileType = sourcecode.swift; path = BookItemView.swift; sourceTree = "<group>"; };
		1CF67BBD2CFA729400CB9CA5 /* Book.swift */ = {isa = PBXFileReference; lastKnownFileType = sourcecode.swift; path = Book.swift; sourceTree = "<group>"; };
		A51996E92CFA6EC00078A85C /* profile.swift */ = {isa = PBXFileReference; lastKnownFileType = sourcecode.swift; path = profile.swift; sourceTree = "<group>"; };
/* End PBXFileReference section */

/* Begin PBXFrameworksBuildPhase section */
		1CF67B892CFA6CB700CB9CA5 /* Frameworks */ = {
			isa = PBXFrameworksBuildPhase;
			buildActionMask = 2147483647;
			files = (
			);
			runOnlyForDeploymentPostprocessing = 0;
		};
		1CF67B992CFA6CB900CB9CA5 /* Frameworks */ = {
			isa = PBXFrameworksBuildPhase;
			buildActionMask = 2147483647;
			files = (
			);
			runOnlyForDeploymentPostprocessing = 0;
		};
		1CF67BA32CFA6CB900CB9CA5 /* Frameworks */ = {
			isa = PBXFrameworksBuildPhase;
			buildActionMask = 2147483647;
			files = (
			);
			runOnlyForDeploymentPostprocessing = 0;
		};
/* End PBXFrameworksBuildPhase section */

/* Begin PBXGroup section */
		1CF67B832CFA6CB700CB9CA5 = {
			isa = PBXGroup;
			children = (
				1CF67B8E2CFA6CB700CB9CA5 /* BookTradingApp */,
				1CF67B8D2CFA6CB700CB9CA5 /* Products */,
			);
			sourceTree = "<group>";
		};
		1CF67B8D2CFA6CB700CB9CA5 /* Products */ = {
			isa = PBXGroup;
			children = (
				1CF67B8C2CFA6CB700CB9CA5 /* BookTradingApp.app */,
				1CF67B9C2CFA6CB900CB9CA5 /* BookTradingAppTests.xctest */,
				1CF67BA62CFA6CB900CB9CA5 /* BookTradingAppUITests.xctest */,
			);
			name = Products;
			sourceTree = "<group>";
		};
		1CF67B8E2CFA6CB700CB9CA5 /* BookTradingApp */ = {
			isa = PBXGroup;
			children = (
				1CF67B8F2CFA6CB700CB9CA5 /* BookTradingAppApp.swift */,
				1CF67B912CFA6CB700CB9CA5 /* ContentView.swift */,
				1CF67BB92CFA71D000CB9CA5 /* HomeView.swift */,
				1CF67BBD2CFA729400CB9CA5 /* Book.swift */,
				1CF67BBB2CFA71F900CB9CA5 /* BookItemView.swift */,
				A51996E92CFA6EC00078A85C /* profile.swift */,
				1CF67B932CFA6CB800CB9CA5 /* Assets.xcassets */,
				1CF67B952CFA6CB800CB9CA5 /* Preview Content */,
			);
			path = BookTradingApp;
			sourceTree = "<group>";
		};
		1CF67B952CFA6CB800CB9CA5 /* Preview Content */ = {
			isa = PBXGroup;
			children = (
				1CF67B962CFA6CB800CB9CA5 /* Preview Assets.xcassets */,
			);
			path = "Preview Content";
			sourceTree = "<group>";
		};
/* End PBXGroup section */

/* Begin PBXNativeTarget section */
		1CF67B8B2CFA6CB700CB9CA5 /* BookTradingApp */ = {
			isa = PBXNativeTarget;
			buildConfigurationList = 1CF67BB02CFA6CB900CB9CA5 /* Build configuration list for PBXNativeTarget "BookTradingApp" */;
			buildPhases = (
				1CF67B882CFA6CB700CB9CA5 /* Sources */,
				1CF67B892CFA6CB700CB9CA5 /* Frameworks */,
				1CF67B8A2CFA6CB700CB9CA5 /* Resources */,
			);
			buildRules = (
			);
			dependencies = (
			);
			name = BookTradingApp;
			productName = BookTradingApp;
			productReference = 1CF67B8C2CFA6CB700CB9CA5 /* BookTradingApp.app */;
			productType = "com.apple.product-type.application";
		};
		1CF67B9B2CFA6CB900CB9CA5 /* BookTradingAppTests */ = {
			isa = PBXNativeTarget;
			buildConfigurationList = 1CF67BB32CFA6CB900CB9CA5 /* Build configuration list for PBXNativeTarget "BookTradingAppTests" */;
			buildPhases = (
				1CF67B982CFA6CB900CB9CA5 /* Sources */,
				1CF67B992CFA6CB900CB9CA5 /* Frameworks */,
				1CF67B9A2CFA6CB900CB9CA5 /* Resources */,
			);
			buildRules = (
			);
			dependencies = (
				1CF67B9E2CFA6CB900CB9CA5 /* PBXTargetDependency */,
			);
			name = BookTradingAppTests;
			productName = BookTradingAppTests;
			productReference = 1CF67B9C2CFA6CB900CB9CA5 /* BookTradingAppTests.xctest */;
			productType = "com.apple.product-type.bundle.unit-test";
		};
		1CF67BA52CFA6CB900CB9CA5 /* BookTradingAppUITests */ = {
			isa = PBXNativeTarget;
			buildConfigurationList = 1CF67BB62CFA6CB900CB9CA5 /* Build configuration list for PBXNativeTarget "BookTradingAppUITests" */;
			buildPhases = (
				1CF67BA22CFA6CB900CB9CA5 /* Sources */,
				1CF67BA32CFA6CB900CB9CA5 /* Frameworks */,
				1CF67BA42CFA6CB900CB9CA5 /* Resources */,
			);
			buildRules = (
			);
			dependencies = (
				1CF67BA82CFA6CB900CB9CA5 /* PBXTargetDependency */,
			);
			name = BookTradingAppUITests;
			productName = BookTradingAppUITests;
			productReference = 1CF67BA62CFA6CB900CB9CA5 /* BookTradingAppUITests.xctest */;
			productType = "com.apple.product-type.bundle.ui-testing";
		};
/* End PBXNativeTarget section */

/* Begin PBXProject section */
		1CF67B842CFA6CB700CB9CA5 /* Project object */ = {
			isa = PBXProject;
			attributes = {
				BuildIndependentTargetsInParallel = 1;
				LastSwiftUpdateCheck = 1540;
				LastUpgradeCheck = 1540;
				TargetAttributes = {
					1CF67B8B2CFA6CB700CB9CA5 = {
						CreatedOnToolsVersion = 15.4;
					};
					1CF67B9B2CFA6CB900CB9CA5 = {
						CreatedOnToolsVersion = 15.4;
						TestTargetID = 1CF67B8B2CFA6CB700CB9CA5;
					};
					1CF67BA52CFA6CB900CB9CA5 = {
						CreatedOnToolsVersion = 15.4;
						TestTargetID = 1CF67B8B2CFA6CB700CB9CA5;
					};
				};
			};
			buildConfigurationList = 1CF67B872CFA6CB700CB9CA5 /* Build configuration list for PBXProject "BookTradingApp" */;
			compatibilityVersion = "Xcode 14.0";
			developmentRegion = en;
			hasScannedForEncodings = 0;
			knownRegions = (
				en,
				Base,
			);
			mainGroup = 1CF67B832CFA6CB700CB9CA5;
			productRefGroup = 1CF67B8D2CFA6CB700CB9CA5 /* Products */;
			projectDirPath = "";
			projectRoot = "";
			targets = (
				1CF67B8B2CFA6CB700CB9CA5 /* BookTradingApp */,
				1CF67B9B2CFA6CB900CB9CA5 /* BookTradingAppTests */,
				1CF67BA52CFA6CB900CB9CA5 /* BookTradingAppUITests */,
			);
		};
/* End PBXProject section */

/* Begin PBXResourcesBuildPhase section */
		1CF67B8A2CFA6CB700CB9CA5 /* Resources */ = {
			isa = PBXResourcesBuildPhase;
			buildActionMask = 2147483647;
			files = (
				1CF67B972CFA6CB800CB9CA5 /* Preview Assets.xcassets in Resources */,
				1CF67B942CFA6CB800CB9CA5 /* Assets.xcassets in Resources */,
			);
			runOnlyForDeploymentPostprocessing = 0;
		};
		1CF67B9A2CFA6CB900CB9CA5 /* Resources */ = {
			isa = PBXResourcesBuildPhase;
			buildActionMask = 2147483647;
			files = (
			);
			runOnlyForDeploymentPostprocessing = 0;
		};
		1CF67BA42CFA6CB900CB9CA5 /* Resources */ = {
			isa = PBXResourcesBuildPhase;
			buildActionMask = 2147483647;
			files = (
			);
			runOnlyForDeploymentPostprocessing = 0;
		};
/* End PBXResourcesBuildPhase section */

/* Begin PBXSourcesBuildPhase section */
		1CF67B882CFA6CB700CB9CA5 /* Sources */ = {
			isa = PBXSourcesBuildPhase;
			buildActionMask = 2147483647;
			files = (
				1CF67BBC2CFA71F900CB9CA5 /* BookItemView.swift in Sources */,
				A51996EA2CFA6ECD0078A85C /* profile.swift in Sources */,
				1CF67BBE2CFA729400CB9CA5 /* Book.swift in Sources */,
				1CF67BBA2CFA71D000CB9CA5 /* HomeView.swift in Sources */,
				1CF67B922CFA6CB700CB9CA5 /* ContentView.swift in Sources */,
				1CF67B902CFA6CB700CB9CA5 /* BookTradingAppApp.swift in Sources */,
			);
			runOnlyForDeploymentPostprocessing = 0;
		};
		1CF67B982CFA6CB900CB9CA5 /* Sources */ = {
			isa = PBXSourcesBuildPhase;
			buildActionMask = 2147483647;
			files = (
			);
			runOnlyForDeploymentPostprocessing = 0;
		};
		1CF67BA22CFA6CB900CB9CA5 /* Sources */ = {
			isa = PBXSourcesBuildPhase;
			buildActionMask = 2147483647;
			files = (
			);
			runOnlyForDeploymentPostprocessing = 0;
		};
/* End PBXSourcesBuildPhase section */

/* Begin PBXTargetDependency section */
		1CF67B9E2CFA6CB900CB9CA5 /* PBXTargetDependency */ = {
			isa = PBXTargetDependency;
			target = 1CF67B8B2CFA6CB700CB9CA5 /* BookTradingApp */;
			targetProxy = 1CF67B9D2CFA6CB900CB9CA5 /* PBXContainerItemProxy */;
		};
		1CF67BA82CFA6CB900CB9CA5 /* PBXTargetDependency */ = {
			isa = PBXTargetDependency;
			target = 1CF67B8B2CFA6CB700CB9CA5 /* BookTradingApp */;
			targetProxy = 1CF67BA72CFA6CB900CB9CA5 /* PBXContainerItemProxy */;
		};
/* End PBXTargetDependency section */

/* Begin XCBuildConfiguration section */
		1CF67BAE2CFA6CB900CB9CA5 /* Debug */ = {
			isa = XCBuildConfiguration;
			buildSettings = {
				ALWAYS_SEARCH_USER_PATHS = NO;
				ASSETCATALOG_COMPILER_GENERATE_SWIFT_ASSET_SYMBOL_EXTENSIONS = YES;
				CLANG_ANALYZER_NONNULL = YES;
				CLANG_ANALYZER_NUMBER_OBJECT_CONVERSION = YES_AGGRESSIVE;
				CLANG_CXX_LANGUAGE_STANDARD = "gnu++20";
				CLANG_ENABLE_MODULES = YES;
				CLANG_ENABLE_OBJC_ARC = YES;
				CLANG_ENABLE_OBJC_WEAK = YES;
				CLANG_WARN_BLOCK_CAPTURE_AUTORELEASING = YES;
				CLANG_WARN_BOOL_CONVERSION = YES;
				CLANG_WARN_COMMA = YES;
				CLANG_WARN_CONSTANT_CONVERSION = YES;
				CLANG_WARN_DEPRECATED_OBJC_IMPLEMENTATIONS = YES;
				CLANG_WARN_DIRECT_OBJC_ISA_USAGE = YES_ERROR;
				CLANG_WARN_DOCUMENTATION_COMMENTS = YES;
				CLANG_WARN_EMPTY_BODY = YES;
				CLANG_WARN_ENUM_CONVERSION = YES;
				CLANG_WARN_INFINITE_RECURSION = YES;
				CLANG_WARN_INT_CONVERSION = YES;
				CLANG_WARN_NON_LITERAL_NULL_CONVERSION = YES;
				CLANG_WARN_OBJC_IMPLICIT_RETAIN_SELF = YES;
				CLANG_WARN_OBJC_LITERAL_CONVERSION = YES;
				CLANG_WARN_OBJC_ROOT_CLASS = YES_ERROR;
				CLANG_WARN_QUOTED_INCLUDE_IN_FRAMEWORK_HEADER = YES;
				CLANG_WARN_RANGE_LOOP_ANALYSIS = YES;
				CLANG_WARN_STRICT_PROTOTYPES = YES;
				CLANG_WARN_SUSPICIOUS_MOVE = YES;
				CLANG_WARN_UNGUARDED_AVAILABILITY = YES_AGGRESSIVE;
				CLANG_WARN_UNREACHABLE_CODE = YES;
				CLANG_WARN__DUPLICATE_METHOD_MATCH = YES;
				COPY_PHASE_STRIP = NO;
				DEBUG_INFORMATION_FORMAT = dwarf;
				ENABLE_STRICT_OBJC_MSGSEND = YES;
				ENABLE_TESTABILITY = YES;
				ENABLE_USER_SCRIPT_SANDBOXING = YES;
				GCC_C_LANGUAGE_STANDARD = gnu17;
				GCC_DYNAMIC_NO_PIC = NO;
				GCC_NO_COMMON_BLOCKS = YES;
				GCC_OPTIMIZATION_LEVEL = 0;
				GCC_PREPROCESSOR_DEFINITIONS = (
					"DEBUG=1",
					"$(inherited)",
				);
				GCC_WARN_64_TO_32_BIT_CONVERSION = YES;
				GCC_WARN_ABOUT_RETURN_TYPE = YES_ERROR;
				GCC_WARN_UNDECLARED_SELECTOR = YES;
				GCC_WARN_UNINITIALIZED_AUTOS = YES_AGGRESSIVE;
				GCC_WARN_UNUSED_FUNCTION = YES;
				GCC_WARN_UNUSED_VARIABLE = YES;
				IPHONEOS_DEPLOYMENT_TARGET = 17.5;
				LOCALIZATION_PREFERS_STRING_CATALOGS = YES;
				MTL_ENABLE_DEBUG_INFO = INCLUDE_SOURCE;
				MTL_FAST_MATH = YES;
				ONLY_ACTIVE_ARCH = YES;
				SDKROOT = iphoneos;
				SWIFT_ACTIVE_COMPILATION_CONDITIONS = "DEBUG $(inherited)";
				SWIFT_OPTIMIZATION_LEVEL = "-Onone";
			};
			name = Debug;
		};
		1CF67BAF2CFA6CB900CB9CA5 /* Release */ = {
			isa = XCBuildConfiguration;
			buildSettings = {
				ALWAYS_SEARCH_USER_PATHS = NO;
				ASSETCATALOG_COMPILER_GENERATE_SWIFT_ASSET_SYMBOL_EXTENSIONS = YES;
				CLANG_ANALYZER_NONNULL = YES;
				CLANG_ANALYZER_NUMBER_OBJECT_CONVERSION = YES_AGGRESSIVE;
				CLANG_CXX_LANGUAGE_STANDARD = "gnu++20";
				CLANG_ENABLE_MODULES = YES;
				CLANG_ENABLE_OBJC_ARC = YES;
				CLANG_ENABLE_OBJC_WEAK = YES;
				CLANG_WARN_BLOCK_CAPTURE_AUTORELEASING = YES;
				CLANG_WARN_BOOL_CONVERSION = YES;
				CLANG_WARN_COMMA = YES;
				CLANG_WARN_CONSTANT_CONVERSION = YES;
				CLANG_WARN_DEPRECATED_OBJC_IMPLEMENTATIONS = YES;
				CLANG_WARN_DIRECT_OBJC_ISA_USAGE = YES_ERROR;
				CLANG_WARN_DOCUMENTATION_COMMENTS = YES;
				CLANG_WARN_EMPTY_BODY = YES;
				CLANG_WARN_ENUM_CONVERSION = YES;
				CLANG_WARN_INFINITE_RECURSION = YES;
				CLANG_WARN_INT_CONVERSION = YES;
				CLANG_WARN_NON_LITERAL_NULL_CONVERSION = YES;
				CLANG_WARN_OBJC_IMPLICIT_RETAIN_SELF = YES;
				CLANG_WARN_OBJC_LITERAL_CONVERSION = YES;
				CLANG_WARN_OBJC_ROOT_CLASS = YES_ERROR;
				CLANG_WARN_QUOTED_INCLUDE_IN_FRAMEWORK_HEADER = YES;
				CLANG_WARN_RANGE_LOOP_ANALYSIS = YES;
				CLANG_WARN_STRICT_PROTOTYPES = YES;
				CLANG_WARN_SUSPICIOUS_MOVE = YES;
				CLANG_WARN_UNGUARDED_AVAILABILITY = YES_AGGRESSIVE;
				CLANG_WARN_UNREACHABLE_CODE = YES;
				CLANG_WARN__DUPLICATE_METHOD_MATCH = YES;
				COPY_PHASE_STRIP = NO;
				DEBUG_INFORMATION_FORMAT = "dwarf-with-dsym";
				ENABLE_NS_ASSERTIONS = NO;
				ENABLE_STRICT_OBJC_MSGSEND = YES;
				ENABLE_USER_SCRIPT_SANDBOXING = YES;
				GCC_C_LANGUAGE_STANDARD = gnu17;
				GCC_NO_COMMON_BLOCKS = YES;
				GCC_WARN_64_TO_32_BIT_CONVERSION = YES;
				GCC_WARN_ABOUT_RETURN_TYPE = YES_ERROR;
				GCC_WARN_UNDECLARED_SELECTOR = YES;
				GCC_WARN_UNINITIALIZED_AUTOS = YES_AGGRESSIVE;
				GCC_WARN_UNUSED_FUNCTION = YES;
				GCC_WARN_UNUSED_VARIABLE = YES;
				IPHONEOS_DEPLOYMENT_TARGET = 17.5;
				LOCALIZATION_PREFERS_STRING_CATALOGS = YES;
				MTL_ENABLE_DEBUG_INFO = NO;
				MTL_FAST_MATH = YES;
				SDKROOT = iphoneos;
				SWIFT_COMPILATION_MODE = wholemodule;
				VALIDATE_PRODUCT = YES;
			};
			name = Release;
		};
		1CF67BB12CFA6CB900CB9CA5 /* Debug */ = {
			isa = XCBuildConfiguration;
			buildSettings = {
				ASSETCATALOG_COMPILER_APPICON_NAME = AppIcon;
				ASSETCATALOG_COMPILER_GLOBAL_ACCENT_COLOR_NAME = AccentColor;
				CODE_SIGN_STYLE = Automatic;
				CURRENT_PROJECT_VERSION = 1;
				DEVELOPMENT_ASSET_PATHS = "\"BookTradingApp/Preview Content\"";
				ENABLE_PREVIEWS = YES;
				GENERATE_INFOPLIST_FILE = YES;
				INFOPLIST_KEY_UIApplicationSceneManifest_Generation = YES;
				INFOPLIST_KEY_UIApplicationSupportsIndirectInputEvents = YES;
				INFOPLIST_KEY_UILaunchScreen_Generation = YES;
				INFOPLIST_KEY_UISupportedInterfaceOrientations_iPad = "UIInterfaceOrientationPortrait UIInterfaceOrientationPortraitUpsideDown UIInterfaceOrientationLandscapeLeft UIInterfaceOrientationLandscapeRight";
				INFOPLIST_KEY_UISupportedInterfaceOrientations_iPhone = "UIInterfaceOrientationPortrait UIInterfaceOrientationLandscapeLeft UIInterfaceOrientationLandscapeRight";
				LD_RUNPATH_SEARCH_PATHS = (
					"$(inherited)",
					"@executable_path/Frameworks",
				);
				MARKETING_VERSION = 1.0;
				PRODUCT_BUNDLE_IDENTIFIER = IOSDev.BookTradingApp;
				PRODUCT_NAME = "$(TARGET_NAME)";
				SWIFT_EMIT_LOC_STRINGS = YES;
				SWIFT_VERSION = 5.0;
				TARGETED_DEVICE_FAMILY = "1,2";
			};
			name = Debug;
		};
		1CF67BB22CFA6CB900CB9CA5 /* Release */ = {
			isa = XCBuildConfiguration;
			buildSettings = {
				ASSETCATALOG_COMPILER_APPICON_NAME = AppIcon;
				ASSETCATALOG_COMPILER_GLOBAL_ACCENT_COLOR_NAME = AccentColor;
				CODE_SIGN_STYLE = Automatic;
				CURRENT_PROJECT_VERSION = 1;
				DEVELOPMENT_ASSET_PATHS = "\"BookTradingApp/Preview Content\"";
				ENABLE_PREVIEWS = YES;
				GENERATE_INFOPLIST_FILE = YES;
				INFOPLIST_KEY_UIApplicationSceneManifest_Generation = YES;
				INFOPLIST_KEY_UIApplicationSupportsIndirectInputEvents = YES;
				INFOPLIST_KEY_UILaunchScreen_Generation = YES;
				INFOPLIST_KEY_UISupportedInterfaceOrientations_iPad = "UIInterfaceOrientationPortrait UIInterfaceOrientationPortraitUpsideDown UIInterfaceOrientationLandscapeLeft UIInterfaceOrientationLandscapeRight";
				INFOPLIST_KEY_UISupportedInterfaceOrientations_iPhone = "UIInterfaceOrientationPortrait UIInterfaceOrientationLandscapeLeft UIInterfaceOrientationLandscapeRight";
				LD_RUNPATH_SEARCH_PATHS = (
					"$(inherited)",
					"@executable_path/Frameworks",
				);
				MARKETING_VERSION = 1.0;
				PRODUCT_BUNDLE_IDENTIFIER = IOSDev.BookTradingApp;
				PRODUCT_NAME = "$(TARGET_NAME)";
				SWIFT_EMIT_LOC_STRINGS = YES;
				SWIFT_VERSION = 5.0;
				TARGETED_DEVICE_FAMILY = "1,2";
			};
			name = Release;
		};
		1CF67BB42CFA6CB900CB9CA5 /* Debug */ = {
			isa = XCBuildConfiguration;
			buildSettings = {
				ALWAYS_EMBED_SWIFT_STANDARD_LIBRARIES = YES;
				BUNDLE_LOADER = "$(TEST_HOST)";
				CODE_SIGN_STYLE = Automatic;
				CURRENT_PROJECT_VERSION = 1;
				GENERATE_INFOPLIST_FILE = YES;
				IPHONEOS_DEPLOYMENT_TARGET = 17.5;
				MARKETING_VERSION = 1.0;
				PRODUCT_BUNDLE_IDENTIFIER = IOSDev.BookTradingAppTests;
				PRODUCT_NAME = "$(TARGET_NAME)";
				SWIFT_EMIT_LOC_STRINGS = NO;
				SWIFT_VERSION = 5.0;
				TARGETED_DEVICE_FAMILY = "1,2";
				TEST_HOST = "$(BUILT_PRODUCTS_DIR)/BookTradingApp.app/$(BUNDLE_EXECUTABLE_FOLDER_PATH)/BookTradingApp";
			};
			name = Debug;
		};
		1CF67BB52CFA6CB900CB9CA5 /* Release */ = {
			isa = XCBuildConfiguration;
			buildSettings = {
				ALWAYS_EMBED_SWIFT_STANDARD_LIBRARIES = YES;
				BUNDLE_LOADER = "$(TEST_HOST)";
				CODE_SIGN_STYLE = Automatic;
				CURRENT_PROJECT_VERSION = 1;
				GENERATE_INFOPLIST_FILE = YES;
				IPHONEOS_DEPLOYMENT_TARGET = 17.5;
				MARKETING_VERSION = 1.0;
				PRODUCT_BUNDLE_IDENTIFIER = IOSDev.BookTradingAppTests;
				PRODUCT_NAME = "$(TARGET_NAME)";
				SWIFT_EMIT_LOC_STRINGS = NO;
				SWIFT_VERSION = 5.0;
				TARGETED_DEVICE_FAMILY = "1,2";
				TEST_HOST = "$(BUILT_PRODUCTS_DIR)/BookTradingApp.app/$(BUNDLE_EXECUTABLE_FOLDER_PATH)/BookTradingApp";
			};
			name = Release;
		};
		1CF67BB72CFA6CB900CB9CA5 /* Debug */ = {
			isa = XCBuildConfiguration;
			buildSettings = {
				ALWAYS_EMBED_SWIFT_STANDARD_LIBRARIES = YES;
				CODE_SIGN_STYLE = Automatic;
				CURRENT_PROJECT_VERSION = 1;
				GENERATE_INFOPLIST_FILE = YES;
				MARKETING_VERSION = 1.0;
				PRODUCT_BUNDLE_IDENTIFIER = IOSDev.BookTradingAppUITests;
				PRODUCT_NAME = "$(TARGET_NAME)";
				SWIFT_EMIT_LOC_STRINGS = NO;
				SWIFT_VERSION = 5.0;
				TARGETED_DEVICE_FAMILY = "1,2";
				TEST_TARGET_NAME = BookTradingApp;
			};
			name = Debug;
		};
		1CF67BB82CFA6CB900CB9CA5 /* Release */ = {
			isa = XCBuildConfiguration;
			buildSettings = {
				ALWAYS_EMBED_SWIFT_STANDARD_LIBRARIES = YES;
				CODE_SIGN_STYLE = Automatic;
				CURRENT_PROJECT_VERSION = 1;
				GENERATE_INFOPLIST_FILE = YES;
				MARKETING_VERSION = 1.0;
				PRODUCT_BUNDLE_IDENTIFIER = IOSDev.BookTradingAppUITests;
				PRODUCT_NAME = "$(TARGET_NAME)";
				SWIFT_EMIT_LOC_STRINGS = NO;
				SWIFT_VERSION = 5.0;
				TARGETED_DEVICE_FAMILY = "1,2";
				TEST_TARGET_NAME = BookTradingApp;
			};
			name = Release;
		};
/* End XCBuildConfiguration section */

/* Begin XCConfigurationList section */
		1CF67B872CFA6CB700CB9CA5 /* Build configuration list for PBXProject "BookTradingApp" */ = {
			isa = XCConfigurationList;
			buildConfigurations = (
				1CF67BAE2CFA6CB900CB9CA5 /* Debug */,
				1CF67BAF2CFA6CB900CB9CA5 /* Release */,
			);
			defaultConfigurationIsVisible = 0;
			defaultConfigurationName = Release;
		};
		1CF67BB02CFA6CB900CB9CA5 /* Build configuration list for PBXNativeTarget "BookTradingApp" */ = {
			isa = XCConfigurationList;
			buildConfigurations = (
				1CF67BB12CFA6CB900CB9CA5 /* Debug */,
				1CF67BB22CFA6CB900CB9CA5 /* Release */,
			);
			defaultConfigurationIsVisible = 0;
			defaultConfigurationName = Release;
		};
		1CF67BB32CFA6CB900CB9CA5 /* Build configuration list for PBXNativeTarget "BookTradingAppTests" */ = {
			isa = XCConfigurationList;
			buildConfigurations = (
				1CF67BB42CFA6CB900CB9CA5 /* Debug */,
				1CF67BB52CFA6CB900CB9CA5 /* Release */,
			);
			defaultConfigurationIsVisible = 0;
			defaultConfigurationName = Release;
		};
		1CF67BB62CFA6CB900CB9CA5 /* Build configuration list for PBXNativeTarget "BookTradingAppUITests" */ = {
			isa = XCConfigurationList;
			buildConfigurations = (
				1CF67BB72CFA6CB900CB9CA5 /* Debug */,
				1CF67BB82CFA6CB900CB9CA5 /* Release */,
			);
			defaultConfigurationIsVisible = 0;
			defaultConfigurationName = Release;
		};
/* End XCConfigurationList section */
	};
	rootObject = 1CF67B842CFA6CB700CB9CA5 /* Project object */;
}
